// !$*UTF8*$!
{
	archiveVersion = 1;
	classes = {
	};
	objectVersion = 46;
	objects = {

/* Begin PBXBuildFile section */
		742EE0E11D58F7DD00E9F7AB /* main.c in Sources */ = {isa = PBXBuildFile; fileRef = 742EE0E01D58F7DD00E9F7AB /* main.c */; };
		742EE0E91D58F87300E9F7AB /* BasicMath.c in Sources */ = {isa = PBXBuildFile; fileRef = 742EE0E71D58F87300E9F7AB /* BasicMath.c */; };
		742EE0EB1D58FA7100E9F7AB /* Generators.c in Sources */ = {isa = PBXBuildFile; fileRef = 742EE0EA1D58FA7100E9F7AB /* Generators.c */; };
/* End PBXBuildFile section */

/* Begin PBXCopyFilesBuildPhase section */
		742EE0DB1D58F7DD00E9F7AB /* CopyFiles */ = {
			isa = PBXCopyFilesBuildPhase;
			buildActionMask = 2147483647;
			dstPath = /usr/share/man/man1/;
			dstSubfolderSpec = 0;
			files = (
			);
			runOnlyForDeploymentPostprocessing = 1;
		};
/* End PBXCopyFilesBuildPhase section */

/* Begin PBXFileReference section */
		742EE0DD1D58F7DD00E9F7AB /* CCalculator */ = {isa = PBXFileReference; explicitFileType = "compiled.mach-o.executable"; includeInIndex = 0; path = CCalculator; sourceTree = BUILT_PRODUCTS_DIR; };
		742EE0E01D58F7DD00E9F7AB /* main.c */ = {isa = PBXFileReference; lastKnownFileType = sourcecode.c.c; path = main.c; sourceTree = "<group>"; };
		742EE0E71D58F87300E9F7AB /* BasicMath.c */ = {isa = PBXFileReference; fileEncoding = 4; lastKnownFileType = sourcecode.c.c; path = BasicMath.c; sourceTree = "<group>"; };
		742EE0EA1D58FA7100E9F7AB /* Generators.c */ = {isa = PBXFileReference; fileEncoding = 4; lastKnownFileType = sourcecode.c.c; path = Generators.c; sourceTree = "<group>"; };
/* End PBXFileReference section */

/* Begin PBXFrameworksBuildPhase section */
		742EE0DA1D58F7DD00E9F7AB /* Frameworks */ = {
			isa = PBXFrameworksBuildPhase;
			buildActionMask = 2147483647;
			files = (
			);
			runOnlyForDeploymentPostprocessing = 0;
		};
/* End PBXFrameworksBuildPhase section */

/* Begin PBXGroup section */
		742EE0D41D58F7DD00E9F7AB = {
			isa = PBXGroup;
			children = (
				742EE0DF1D58F7DD00E9F7AB /* CCalculator */,
				742EE0DE1D58F7DD00E9F7AB /* Products */,
			);
			sourceTree = "<group>";
		};
		742EE0DE1D58F7DD00E9F7AB /* Products */ = {
			isa = PBXGroup;
			children = (
				742EE0DD1D58F7DD00E9F7AB /* CCalculator */,
			);
			name = Products;
			sourceTree = "<group>";
		};
		742EE0DF1D58F7DD00E9F7AB /* CCalculator */ = {
			isa = PBXGroup;
			children = (
				742EE0E01D58F7DD00E9F7AB /* main.c */,
				742EE0E71D58F87300E9F7AB /* BasicMath.c */,
				742EE0EA1D58FA7100E9F7AB /* Generators.c */,
			);
			path = CCalculator;
			sourceTree = "<group>";
		};
/* End PBXGroup section */

/* Begin PBXNativeTarget section */
		742EE0DC1D58F7DD00E9F7AB /* CCalculator */ = {
			isa = PBXNativeTarget;
			buildConfigurationList = 742EE0E41D58F7DD00E9F7AB /* Build configuration list for PBXNativeTarget "CCalculator" */;
			buildPhases = (
				742EE0D91D58F7DD00E9F7AB /* Sources */,
				742EE0DA1D58F7DD00E9F7AB /* Frameworks */,
				742EE0DB1D58F7DD00E9F7AB /* CopyFiles */,
			);
			buildRules = (
			);
			dependencies = (
			);
			name = CCalculator;
			productName = CCalculator;
			productReference = 742EE0DD1D58F7DD00E9F7AB /* CCalculator */;
			productType = "com.apple.product-type.tool";
		};
/* End PBXNativeTarget section */

/* Begin PBXProject section */
		742EE0D51D58F7DD00E9F7AB /* Project object */ = {
			isa = PBXProject;
			attributes = {
				LastUpgradeCheck = 0800;
				ORGANIZATIONNAME = "Princess Sampson";
				TargetAttributes = {
					742EE0DC1D58F7DD00E9F7AB = {
						CreatedOnToolsVersion = 8.0;
						ProvisioningStyle = Automatic;
					};
				};
			};
			buildConfigurationList = 742EE0D81D58F7DD00E9F7AB /* Build configuration list for PBXProject "CCalculator" */;
			compatibilityVersion = "Xcode 3.2";
			developmentRegion = English;
			hasScannedForEncodings = 0;
			knownRegions = (
				en,
			);
			mainGroup = 742EE0D41D58F7DD00E9F7AB;
			productRefGroup = 742EE0DE1D58F7DD00E9F7AB /* Products */;
			projectDirPath = "";
			projectRoot = "";
			targets = (
				742EE0DC1D58F7DD00E9F7AB /* CCalculator */,
			);
		};
/* End PBXProject section */

/* Begin PBXSourcesBuildPhase section */
		742EE0D91D58F7DD00E9F7AB /* Sources */ = {
			isa = PBXSourcesBuildPhase;
			buildActionMask = 2147483647;
			files = (
				742EE0E91D58F87300E9F7AB /* BasicMath.c in Sources */,
				742EE0EB1D58FA7100E9F7AB /* Generators.c in Sources */,
				742EE0E11D58F7DD00E9F7AB /* main.c in Sources */,
			);
			runOnlyForDeploymentPostprocessing = 0;
		};
/* End PBXSourcesBuildPhase section */

/* Begin XCBuildConfiguration section */
		742EE0E21D58F7DD00E9F7AB /* Debug */ = {
			isa = XCBuildConfiguration;
			buildSettings = {
				ALWAYS_SEARCH_USER_PATHS = NO;
				CLANG_ANALYZER_NONNULL = YES;
				CLANG_CXX_LANGUAGE_STANDARD = "gnu++0x";
				CLANG_CXX_LIBRARY = "libc++";
				CLANG_ENABLE_MODULES = YES;
				CLANG_ENABLE_OBJC_ARC = YES;
				CLANG_WARN_BOOL_CONVERSION = YES;
				CLANG_WARN_CONSTANT_CONVERSION = YES;
				CLANG_WARN_DIRECT_OBJC_ISA_USAGE = YES_ERROR;
				CLANG_WARN_DOCUMENTATION_COMMENTS = YES;
				CLANG_WARN_EMPTY_BODY = YES;
				CLANG_WARN_ENUM_CONVERSION = YES;
				CLANG_WARN_INFINITE_RECURSION = YES;
				CLANG_WARN_INT_CONVERSION = YES;
				CLANG_WARN_OBJC_ROOT_CLASS = YES_ERROR;
				CLANG_WARN_SUSPICIOUS_MOVES = YES;
				CLANG_WARN_UNREACHABLE_CODE = YES;
				CLANG_WARN__DUPLICATE_METHOD_MATCH = YES;
				CODE_SIGN_IDENTITY = "-";
				COPY_PHASE_STRIP = NO;
				DEBUG_INFORMATION_FORMAT = dwarf;
				ENABLE_STRICT_OBJC_MSGSEND = YES;
				ENABLE_TESTABILITY = YES;
				GCC_C_LANGUAGE_STANDARD = gnu99;
				GCC_DYNAMIC_NO_PIC = NO;
				GCC_NO_COMMON_BLOCKS = YES;
				GCC_OPTIMIZATION_LEVEL = 0;
				GCC_PREPROCESSOR_DEFINITIONS = (
					"DEBUG=1",
					"$(inherited)",
				);
				GCC_WARN_64_TO_32_BIT_CONVERSION = YES;
				GCC_WARN_ABOUT_RETURN_TYPE = YES_ERROR;
				GCC_WARN_UNDECLARED_SELECTOR = YES;
				GCC_WARN_UNINITIALIZED_AUTOS = YES_AGGRESSIVE;
				GCC_WARN_UNUSED_FUNCTION = YES;
				GCC_WARN_UNUSED_VARIABLE = YES;
				MACOSX_DEPLOYMENT_TARGET = 10.11;
				MTL_ENABLE_DEBUG_INFO = YES;
				ONLY_ACTIVE_ARCH = YES;
				SDKROOT = macosx;
			};
			name = Debug;
		};
		742EE0E31D58F7DD00E9F7AB /* Release */ = {
			isa = XCBuildConfiguration;
			buildSettings = {
				ALWAYS_SEARCH_USER_PATHS = NO;
				CLANG_ANALYZER_NONNULL = YES;
				CLANG_CXX_LANGUAGE_STANDARD = "gnu++0x";
				CLANG_CXX_LIBRARY = "libc++";
				CLANG_ENABLE_MODULES = YES;
				CLANG_ENABLE_OBJC_ARC = YES;
				CLANG_WARN_BOOL_CONVERSION = YES;
				CLANG_WARN_CONSTANT_CONVERSION = YES;
				CLANG_WARN_DIRECT_OBJC_ISA_USAGE = YES_ERROR;
				CLANG_WARN_DOCUMENTATION_COMMENTS = YES;
				CLANG_WARN_EMPTY_BODY = YES;
				CLANG_WARN_ENUM_CONVERSION = YES;
				CLANG_WARN_INFINITE_RECURSION = YES;
				CLANG_WARN_INT_CONVERSION = YES;
				CLANG_WARN_OBJC_ROOT_CLASS = YES_ERROR;
				CLANG_WARN_SUSPICIOUS_MOVES = YES;
				CLANG_WARN_UNREACHABLE_CODE = YES;
				CLANG_WARN__DUPLICATE_METHOD_MATCH = YES;
				CODE_SIGN_IDENTITY = "-";
				COPY_PHASE_STRIP = NO;
				DEBUG_INFORMATION_FORMAT = "dwarf-with-dsym";
				ENABLE_NS_ASSERTIONS = NO;
				ENABLE_STRICT_OBJC_MSGSEND = YES;
				GCC_C_LANGUAGE_STANDARD = gnu99;
				GCC_NO_COMMON_BLOCKS = YES;
				GCC_WARN_64_TO_32_BIT_CONVERSION = YES;
				GCC_WARN_ABOUT_RETURN_TYPE = YES_ERROR;
				GCC_WARN_UNDECLARED_SELECTOR = YES;
				GCC_WARN_UNINITIALIZED_AUTOS = YES_AGGRESSIVE;
				GCC_WARN_UNUSED_FUNCTION = YES;
				GCC_WARN_UNUSED_VARIABLE = YES;
				MACOSX_DEPLOYMENT_TARGET = 10.11;
				MTL_ENABLE_DEBUG_INFO = NO;
				SDKROOT = macosx;
			};
			name = Release;
		};
		742EE0E51D58F7DD00E9F7AB /* Debug */ = {
			isa = XCBuildConfiguration;
			buildSettings = {
				PRODUCT_NAME = "$(TARGET_NAME)";
			};
			name = Debug;
		};
		742EE0E61D58F7DD00E9F7AB /* Release */ = {
			isa = XCBuildConfiguration;
			buildSettings = {
				PRODUCT_NAME = "$(TARGET_NAME)";
			};
			name = Release;
		};
/* End XCBuildConfiguration section */

/* Begin XCConfigurationList section */
		742EE0D81D58F7DD00E9F7AB /* Build configuration list for PBXProject "CCalculator" */ = {
			isa = XCConfigurationList;
			buildConfigurations = (
				742EE0E21D58F7DD00E9F7AB /* Debug */,
				742EE0E31D58F7DD00E9F7AB /* Release */,
			);
			defaultConfigurationIsVisible = 0;
			defaultConfigurationName = Release;
		};
		742EE0E41D58F7DD00E9F7AB /* Build configuration list for PBXNativeTarget "CCalculator" */ = {
			isa = XCConfigurationList;
			buildConfigurations = (
				742EE0E51D58F7DD00E9F7AB /* Debug */,
				742EE0E61D58F7DD00E9F7AB /* Release */,
			);
			defaultConfigurationIsVisible = 0;
		};
/* End XCConfigurationList section */
	};
	rootObject = 742EE0D51D58F7DD00E9F7AB /* Project object */;
}
